
Microsoft Visual Studio Solution File, Format Version 12.00
# Visual Studio Version 16
VisualStudioVersion = 16.0.30011.22
MinimumVisualStudioVersion = 10.0.40219.1
Project("{FAE04EC0-301F-11D3-BF4B-00C04F79EFBC}") = "ArmiesOfCalradia", "ArmiesOfCalradia\ArmiesOfCalradia.csproj", "{C623135B-427A-4EDE-8D08-B015A9DEA6CA}"
EndProject
Global
	GlobalSection(SolutionConfigurationPlatforms) = preSolution
		Debug|Any CPU = Debug|Any CPU
		Release|Any CPU = Release|Any CPU
	EndGlobalSection
	GlobalSection(ProjectConfigurationPlatforms) = postSolution
		{C623135B-427A-4EDE-8D08-B015A9DEA6CA}.Debug|Any CPU.ActiveCfg = Debug|Any CPU
		{C623135B-427A-4EDE-8D08-B015A9DEA6CA}.Debug|Any CPU.Build.0 = Debug|Any CPU
		{C623135B-427A-4EDE-8D08-B015A9DEA6CA}.Release|Any CPU.ActiveCfg = Release|Any CPU
		{C623135B-427A-4EDE-8D08-B015A9DEA6CA}.Release|Any CPU.Build.0 = Release|Any CPU
	EndGlobalSection
	GlobalSection(SolutionProperties) = preSolution
		HideSolutionNode = FALSE
	EndGlobalSection
	GlobalSection(ExtensibilityGlobals) = postSolution
		SolutionGuid = {BFFF1F96-9521-4F66-B804-48787A766012}
	EndGlobalSection
EndGlobal
